# This file is generated by running "yarn install" inside your project.
# Manual changes might be lost - proceed with caution!

__metadata:
  version: 8
  cacheKey: 10c0

"@biomejs/biome@npm:1.6.1":
  version: 1.6.1
  resolution: "@biomejs/biome@npm:1.6.1"
  dependencies:
    "@biomejs/cli-darwin-arm64": "npm:1.6.1"
    "@biomejs/cli-darwin-x64": "npm:1.6.1"
    "@biomejs/cli-linux-arm64": "npm:1.6.1"
    "@biomejs/cli-linux-arm64-musl": "npm:1.6.1"
    "@biomejs/cli-linux-x64": "npm:1.6.1"
    "@biomejs/cli-linux-x64-musl": "npm:1.6.1"
    "@biomejs/cli-win32-arm64": "npm:1.6.1"
    "@biomejs/cli-win32-x64": "npm:1.6.1"
  dependenciesMeta:
    "@biomejs/cli-darwin-arm64":
      optional: true
    "@biomejs/cli-darwin-x64":
      optional: true
    "@biomejs/cli-linux-arm64":
      optional: true
    "@biomejs/cli-linux-arm64-musl":
      optional: true
    "@biomejs/cli-linux-x64":
      optional: true
    "@biomejs/cli-linux-x64-musl":
      optional: true
    "@biomejs/cli-win32-arm64":
      optional: true
    "@biomejs/cli-win32-x64":
      optional: true
  bin:
    biome: bin/biome
  checksum: 10c0/789580c9aa7e0661a643e82de85f15bcc4ef0c79a099204f234b3769cface5c604b137260a4a60767ab3a692bd7ac19e2de1fc75537ec14e7698f0b6a133cfef
  languageName: node
  linkType: hard

"@biomejs/cli-darwin-arm64@npm:1.6.1":
  version: 1.6.1
  resolution: "@biomejs/cli-darwin-arm64@npm:1.6.1"
  conditions: os=darwin & cpu=arm64
  languageName: node
  linkType: hard

"@biomejs/cli-darwin-x64@npm:1.6.1":
  version: 1.6.1
  resolution: "@biomejs/cli-darwin-x64@npm:1.6.1"
  conditions: os=darwin & cpu=x64
  languageName: node
  linkType: hard

"@biomejs/cli-linux-arm64-musl@npm:1.6.1":
  version: 1.6.1
  resolution: "@biomejs/cli-linux-arm64-musl@npm:1.6.1"
  conditions: os=linux & cpu=arm64 & libc=musl
  languageName: node
  linkType: hard

"@biomejs/cli-linux-arm64@npm:1.6.1":
  version: 1.6.1
  resolution: "@biomejs/cli-linux-arm64@npm:1.6.1"
  conditions: os=linux & cpu=arm64 & libc=glibc
  languageName: node
  linkType: hard

"@biomejs/cli-linux-x64-musl@npm:1.6.1":
  version: 1.6.1
  resolution: "@biomejs/cli-linux-x64-musl@npm:1.6.1"
  conditions: os=linux & cpu=x64 & libc=musl
  languageName: node
  linkType: hard

"@biomejs/cli-linux-x64@npm:1.6.1":
  version: 1.6.1
  resolution: "@biomejs/cli-linux-x64@npm:1.6.1"
  conditions: os=linux & cpu=x64 & libc=glibc
  languageName: node
  linkType: hard

"@biomejs/cli-win32-arm64@npm:1.6.1":
  version: 1.6.1
  resolution: "@biomejs/cli-win32-arm64@npm:1.6.1"
  conditions: os=win32 & cpu=arm64
  languageName: node
  linkType: hard

"@biomejs/cli-win32-x64@npm:1.6.1":
  version: 1.6.1
  resolution: "@biomejs/cli-win32-x64@npm:1.6.1"
  conditions: os=win32 & cpu=x64
  languageName: node
  linkType: hard

"@izaakschroeder/lsp-cli@workspace:packages/lsp-cli":
  version: 0.0.0-use.local
  resolution: "@izaakschroeder/lsp-cli@workspace:packages/lsp-cli"
  dependencies:
    "@biomejs/biome": "npm:1.6.1"
    "@izaakschroeder/lsp-client": "workspace:^"
    "@types/node": "npm:20.11.29"
    "@types/picomatch": "npm:2.3.3"
    chalk: "npm:5.3.0"
    cli-progress: "npm:3.12.0"
    clipanion: "npm:4.0.0-rc.3"
    ku-progress-bar: "npm:0.6.0"
    picomatch: "npm:4.0.1"
    throat: "npm:6.0.2"
    typanion: "npm:3.14.0"
    typescript: "npm:5.4.2"
  bin:
    lsp: ./dist/cli.js
  languageName: unknown
  linkType: soft

"@izaakschroeder/lsp-client@workspace:^, @izaakschroeder/lsp-client@workspace:packages/lsp-client":
  version: 0.0.0-use.local
  resolution: "@izaakschroeder/lsp-client@workspace:packages/lsp-client"
  dependencies:
    "@biomejs/biome": "npm:1.6.1"
    "@izaakschroeder/lsp-schema": "workspace:^"
    "@types/node": "npm:20.11.29"
    json-rpc-2.0: "npm:1.7.0"
    typescript: "npm:5.4.2"
    zod: "npm:3.22.4"
  languageName: unknown
  linkType: soft

"@izaakschroeder/lsp-schema@workspace:^, @izaakschroeder/lsp-schema@workspace:packages/lsp-schema":
  version: 0.0.0-use.local
  resolution: "@izaakschroeder/lsp-schema@workspace:packages/lsp-schema"
  dependencies:
    "@biomejs/biome": "npm:1.6.1"
    typescript: "npm:5.4.2"
    zod: "npm:3.22.4"
  peerDependencies:
    zod: "*"
  languageName: unknown
  linkType: soft

"@izaakschroeder/lsp-tools@workspace:.":
  version: 0.0.0-use.local
  resolution: "@izaakschroeder/lsp-tools@workspace:."
  dependencies:
    "@biomejs/biome": "npm:1.6.1"
    typescript: "npm:5.4.2"
  languageName: unknown
  linkType: soft

"@types/node@npm:20.11.29":
  version: 20.11.29
  resolution: "@types/node@npm:20.11.29"
  dependencies:
    undici-types: "npm:~5.26.4"
  checksum: 10c0/b839bad64b2d0e2b4a2d09a53c019ac06c732ac66ea88f3a86a9d2f28a789caf8fd56b888f577183459733abfa1b77e4bf6986cde18b2ec63e1939427aa0d387
  languageName: node
  linkType: hard

"@types/picomatch@npm:2.3.3":
  version: 2.3.3
  resolution: "@types/picomatch@npm:2.3.3"
  checksum: 10c0/5ad7f891eb3e16e8eb1f51615f0b755bc44ac5dff5a1e2513229f307f72e226c917c6b9a829a97134cedbec727036f885890a55b1975b6e3f381b6545b962c4d
  languageName: node
  linkType: hard

"ansi-regex@npm:^5.0.1":
  version: 5.0.1
  resolution: "ansi-regex@npm:5.0.1"
  checksum: 10c0/9a64bb8627b434ba9327b60c027742e5d17ac69277960d041898596271d992d4d52ba7267a63ca10232e29f6107fc8a835f6ce8d719b88c5f8493f8254813737
  languageName: node
  linkType: hard

"chalk@npm:5.3.0":
  version: 5.3.0
  resolution: "chalk@npm:5.3.0"
  checksum: 10c0/8297d436b2c0f95801103ff2ef67268d362021b8210daf8ddbe349695333eb3610a71122172ff3b0272f1ef2cf7cc2c41fdaa4715f52e49ffe04c56340feed09
  languageName: node
  linkType: hard

"cli-progress@npm:3.12.0":
  version: 3.12.0
  resolution: "cli-progress@npm:3.12.0"
  dependencies:
    string-width: "npm:^4.2.3"
  checksum: 10c0/f464cb19ebde2f3880620a2adfaeeefaec6cb15c8e610c8a659ca1047ee90d69f3bf2fdabbb1fe33ac408678e882e3e0eecdb84ab5df0edf930b269b8a72682d
  languageName: node
  linkType: hard

"clipanion@npm:4.0.0-rc.3":
  version: 4.0.0-rc.3
  resolution: "clipanion@npm:4.0.0-rc.3"
  dependencies:
    typanion: "npm:^3.8.0"
  peerDependencies:
    typanion: "*"
  checksum: 10c0/5171fd04539b39b5483bd097d5f828da165fa47b4718378cb0bc3c2f70dfa11736f01727cfa4b9566fc8eabad03473e62ae98470c4c8d15c618ee1294e07169f
  languageName: node
  linkType: hard

"emoji-regex@npm:^8.0.0":
  version: 8.0.0
  resolution: "emoji-regex@npm:8.0.0"
  checksum: 10c0/b6053ad39951c4cf338f9092d7bfba448cdfd46fe6a2a034700b149ac9ffbc137e361cbd3c442297f86bed2e5f7576c1b54cc0a6bf8ef5106cc62f496af35010
  languageName: node
  linkType: hard

"is-fullwidth-code-point@npm:^3.0.0":
  version: 3.0.0
  resolution: "is-fullwidth-code-point@npm:3.0.0"
  checksum: 10c0/bb11d825e049f38e04c06373a8d72782eee0205bda9d908cc550ccb3c59b99d750ff9537982e01733c1c94a58e35400661f57042158ff5e8f3e90cf936daf0fc
  languageName: node
  linkType: hard

"json-rpc-2.0@npm:1.7.0":
  version: 1.7.0
  resolution: "json-rpc-2.0@npm:1.7.0"
  checksum: 10c0/29b876310ec03ebf25dda6a2e487485af1bc84f5d874cc6763b432517e3dcdb51bbcebb33065a35bf22e4225321f894c4bdab21458e013abf41cbb423b2f92b7
  languageName: node
  linkType: hard

"ku-progress-bar@npm:0.6.0":
  version: 0.6.0
  resolution: "ku-progress-bar@npm:0.6.0"
  checksum: 10c0/71f91e94127da2c77c3cb4eb02a1ca91df6bd203e122d701fd94b40736aa7b3fb3359296974c0d62aac27a46557d08025ef3c49619b00d54081dbe4f660c9d33
  languageName: node
  linkType: hard

"picomatch@npm:4.0.1":
  version: 4.0.1
  resolution: "picomatch@npm:4.0.1"
  checksum: 10c0/a036a085b18b376493e8ccef155bb03c65a2be7203582b717bb0498d1446e6a80f7f86a36e07877590abd0431f26c64c6154058c31f4f46105d3686a34fa3cf6
  languageName: node
  linkType: hard

"string-width@npm:^4.2.3":
  version: 4.2.3
  resolution: "string-width@npm:4.2.3"
  dependencies:
    emoji-regex: "npm:^8.0.0"
    is-fullwidth-code-point: "npm:^3.0.0"
    strip-ansi: "npm:^6.0.1"
  checksum: 10c0/1e525e92e5eae0afd7454086eed9c818ee84374bb80328fc41217ae72ff5f065ef1c9d7f72da41de40c75fa8bb3dee63d92373fd492c84260a552c636392a47b
  languageName: node
  linkType: hard

"strip-ansi@npm:^6.0.1":
  version: 6.0.1
  resolution: "strip-ansi@npm:6.0.1"
  dependencies:
    ansi-regex: "npm:^5.0.1"
  checksum: 10c0/1ae5f212a126fe5b167707f716942490e3933085a5ff6c008ab97ab2f272c8025d3aa218b7bd6ab25729ca20cc81cddb252102f8751e13482a5199e873680952
  languageName: node
  linkType: hard

"throat@npm:6.0.2":
  version: 6.0.2
  resolution: "throat@npm:6.0.2"
  checksum: 10c0/45caf1ce86a895f71fcb9bd3de67e1df6f73a519e780765dd0cf63ca8363de08ad207cfb714bc650ee9ddeef89971517b5f3a64087fcffce2bda034697af7c18
  languageName: node
  linkType: hard

"typanion@npm:3.14.0, typanion@npm:^3.8.0":
  version: 3.14.0
  resolution: "typanion@npm:3.14.0"
  checksum: 10c0/8b03b19844e6955bfd906c31dc781bae6d7f1fb3ce4fe24b7501557013d4889ae5cefe671dafe98d87ead0adceb8afcb8bc16df7dc0bd2b7331bac96f3a7cae2
  languageName: node
  linkType: hard

"typescript@npm:5.4.2":
  version: 5.4.2
  resolution: "typescript@npm:5.4.2"
  bin:
    tsc: bin/tsc
    tsserver: bin/tsserver
  checksum: 10c0/583ff68cafb0c076695f72d61df6feee71689568179fb0d3a4834dac343df6b6ed7cf7b6f6c801fa52d43cd1d324e2f2d8ae4497b09f9e6cfe3d80a6d6c9ca52
  languageName: node
  linkType: hard

"typescript@patch:typescript@npm%3A5.4.2#optional!builtin<compat/typescript>":
  version: 5.4.2
  resolution: "typescript@patch:typescript@npm%3A5.4.2#optional!builtin<compat/typescript>::version=5.4.2&hash=5adc0c"
  bin:
    tsc: bin/tsc
    tsserver: bin/tsserver
  checksum: 10c0/fcf6658073d07283910d9a0e04b1d5d0ebc822c04dbb7abdd74c3151c7aa92fcddbac7d799404e358197222006ccdc4c0db219d223d2ee4ccd9e2b01333b49be
  languageName: node
  linkType: hard

"undici-types@npm:~5.26.4":
  version: 5.26.5
  resolution: "undici-types@npm:5.26.5"
  checksum: 10c0/bb673d7876c2d411b6eb6c560e0c571eef4a01c1c19925175d16e3a30c4c428181fb8d7ae802a261f283e4166a0ac435e2f505743aa9e45d893f9a3df017b501
  languageName: node
  linkType: hard

"zod@npm:3.22.4":
  version: 3.22.4
  resolution: "zod@npm:3.22.4"
  checksum: 10c0/7578ab283dac0eee66a0ad0fc4a7f28c43e6745aadb3a529f59a4b851aa10872b3890398b3160f257f4b6817b4ce643debdda4fb21a2c040adda7862cab0a587
  languageName: node
  linkType: hard
